
Microsoft Visual Studio Solution File, Format Version 12.00
# Visual Studio 14
VisualStudioVersion = 14.0.23107.0
MinimumVisualStudioVersion = 10.0.40219.1
Project("{FAE04EC0-301F-11D3-BF4B-00C04F79EFBC}") = "GameUtility", "GameUtility.csproj", "{EA91934A-AB6D-46FD-A82C-970965AF4B0F}"
EndProject
Project("{FAE04EC0-301F-11D3-BF4B-00C04F79EFBC}") = "TileMapWrap", "..\TileMapWrap\TileMapWrap.csproj", "{36B6C1AF-1E9D-436B-8E7D-32BFB5045B20}"
EndProject
Project("{FAE04EC0-301F-11D3-BF4B-00C04F79EFBC}") = "TileSheetWrap", "..\TileSheetWrap\TileSheetWrap.csproj", "{589E6BC7-A275-42B4-939D-97EB55D420C3}"
EndProject
Project("{FAE04EC0-301F-11D3-BF4B-00C04F79EFBC}") = "AnimationSetWrap", "..\AnimationSetWrap\AnimationSetWrap.csproj", "{9417110B-2E83-4985-98C5-B0D0AA70CB9B}"
EndProject
Global
	GlobalSection(SolutionConfigurationPlatforms) = preSolution
		Debug|Any CPU = Debug|Any CPU
		Release|Any CPU = Release|Any CPU
	EndGlobalSection
	GlobalSection(ProjectConfigurationPlatforms) = postSolution
		{EA91934A-AB6D-46FD-A82C-970965AF4B0F}.Debug|Any CPU.ActiveCfg = Debug|Any CPU
		{EA91934A-AB6D-46FD-A82C-970965AF4B0F}.Debug|Any CPU.Build.0 = Debug|Any CPU
		{EA91934A-AB6D-46FD-A82C-970965AF4B0F}.Release|Any CPU.ActiveCfg = Release|Any CPU
		{EA91934A-AB6D-46FD-A82C-970965AF4B0F}.Release|Any CPU.Build.0 = Release|Any CPU
		{36B6C1AF-1E9D-436B-8E7D-32BFB5045B20}.Debug|Any CPU.ActiveCfg = Debug|Any CPU
		{36B6C1AF-1E9D-436B-8E7D-32BFB5045B20}.Debug|Any CPU.Build.0 = Debug|Any CPU
		{36B6C1AF-1E9D-436B-8E7D-32BFB5045B20}.Release|Any CPU.ActiveCfg = Release|Any CPU
		{36B6C1AF-1E9D-436B-8E7D-32BFB5045B20}.Release|Any CPU.Build.0 = Release|Any CPU
		{589E6BC7-A275-42B4-939D-97EB55D420C3}.Debug|Any CPU.ActiveCfg = Debug|Any CPU
		{589E6BC7-A275-42B4-939D-97EB55D420C3}.Debug|Any CPU.Build.0 = Debug|Any CPU
		{589E6BC7-A275-42B4-939D-97EB55D420C3}.Release|Any CPU.ActiveCfg = Release|Any CPU
		{589E6BC7-A275-42B4-939D-97EB55D420C3}.Release|Any CPU.Build.0 = Release|Any CPU
		{9417110B-2E83-4985-98C5-B0D0AA70CB9B}.Debug|Any CPU.ActiveCfg = Debug|Any CPU
		{9417110B-2E83-4985-98C5-B0D0AA70CB9B}.Debug|Any CPU.Build.0 = Debug|Any CPU
		{9417110B-2E83-4985-98C5-B0D0AA70CB9B}.Release|Any CPU.ActiveCfg = Release|Any CPU
		{9417110B-2E83-4985-98C5-B0D0AA70CB9B}.Release|Any CPU.Build.0 = Release|Any CPU
	EndGlobalSection
	GlobalSection(SolutionProperties) = preSolution
		HideSolutionNode = FALSE
	EndGlobalSection
EndGlobal
